// !$*UTF8*$!
{
	archiveVersion = 1;
	classes = {
	};
	objectVersion = 46;
	objects = {

/* Begin PBXBuildFile section */
		55111CC91E6E9EB0009BB494 /* AppDelegate.swift in Sources */ = {isa = PBXBuildFile; fileRef = 55111CC81E6E9EB0009BB494 /* AppDelegate.swift */; };
		55111CCB1E6E9EB0009BB494 /* ViewController.swift in Sources */ = {isa = PBXBuildFile; fileRef = 55111CCA1E6E9EB0009BB494 /* ViewController.swift */; };
		55111CD11E6E9EB0009BB494 /* Tinkoff_Chat.xcdatamodeld in Sources */ = {isa = PBXBuildFile; fileRef = 55111CCF1E6E9EB0009BB494 /* Tinkoff_Chat.xcdatamodeld */; };
		55111CD31E6E9EB0009BB494 /* Assets.xcassets in Resources */ = {isa = PBXBuildFile; fileRef = 55111CD21E6E9EB0009BB494 /* Assets.xcassets */; };
		55111CD61E6E9EB0009BB494 /* LaunchScreen.storyboard in Resources */ = {isa = PBXBuildFile; fileRef = 55111CD41E6E9EB0009BB494 /* LaunchScreen.storyboard */; };
		5512DFE61EAB995A00046FF1 /* StorageServiceDelegate.swift in Sources */ = {isa = PBXBuildFile; fileRef = 5512DFE51EAB995A00046FF1 /* StorageServiceDelegate.swift */; };
		5512DFEC1EABA2B000046FF1 /* ICommunicator.swift in Sources */ = {isa = PBXBuildFile; fileRef = 5512DFEB1EABA2B000046FF1 /* ICommunicator.swift */; };
		5512DFEE1EABA33E00046FF1 /* CommunicatorDelegate.swift in Sources */ = {isa = PBXBuildFile; fileRef = 5512DFED1EABA33E00046FF1 /* CommunicatorDelegate.swift */; };
		5512DFFC1EACA93700046FF1 /* ICommunicationService.swift in Sources */ = {isa = PBXBuildFile; fileRef = 5512DFFB1EACA93700046FF1 /* ICommunicationService.swift */; };
		5512DFFE1EACA9B700046FF1 /* CommunicationServiceConversationDelegate.swift in Sources */ = {isa = PBXBuildFile; fileRef = 5512DFFD1EACA9B700046FF1 /* CommunicationServiceConversationDelegate.swift */; };
		5512E0001EACB6BA00046FF1 /* Assembly.swift in Sources */ = {isa = PBXBuildFile; fileRef = 5512DFFF1EACB6BA00046FF1 /* Assembly.swift */; };
		5527BC621EC8C9EA00F1C8E3 /* ConversationDataProvider.swift in Sources */ = {isa = PBXBuildFile; fileRef = 5527BC611EC8C9EA00F1C8E3 /* ConversationDataProvider.swift */; };
		5529A1EB1EDC1E4300F3FB09 /* PhotosService.swift in Sources */ = {isa = PBXBuildFile; fileRef = 5529A1EA1EDC1E4300F3FB09 /* PhotosService.swift */; };
		5529A1EE1EDC1EDA00F3FB09 /* Parser.swift in Sources */ = {isa = PBXBuildFile; fileRef = 5529A1ED1EDC1EDA00F3FB09 /* Parser.swift */; };
		5529A1F21EDC1F5700F3FB09 /* Request.swift in Sources */ = {isa = PBXBuildFile; fileRef = 5529A1F11EDC1F5700F3FB09 /* Request.swift */; };
		5529A1F51EDC22EB00F3FB09 /* RequestSender.swift in Sources */ = {isa = PBXBuildFile; fileRef = 5529A1F41EDC22EB00F3FB09 /* RequestSender.swift */; };
		5529A1F71EDC233E00F3FB09 /* RequestsFactory.swift in Sources */ = {isa = PBXBuildFile; fileRef = 5529A1F61EDC233E00F3FB09 /* RequestsFactory.swift */; };
		5529A1FB1EDC453600F3FB09 /* File.swift in Sources */ = {isa = PBXBuildFile; fileRef = 5529A1FA1EDC453600F3FB09 /* File.swift */; };
		556700F91EB5DBA900CF7C61 /* CoreDataStack.swift in Sources */ = {isa = PBXBuildFile; fileRef = 556700F81EB5DBA900CF7C61 /* CoreDataStack.swift */; };
		556C00AF1E8957D3004B4B1C /* ConversationsListViewController.swift in Sources */ = {isa = PBXBuildFile; fileRef = 556C00AE1E8957D3004B4B1C /* ConversationsListViewController.swift */; };
		556C00B41E895854004B4B1C /* ConversationViewController.swift in Sources */ = {isa = PBXBuildFile; fileRef = 556C00B31E895854004B4B1C /* ConversationViewController.swift */; };
		5577DDD21E96D1380074574C /* CommunicationService.swift in Sources */ = {isa = PBXBuildFile; fileRef = 5577DDD01E96D1380074574C /* CommunicationService.swift */; };
		5581B25C1EAD1E5600662DB0 /* MultipeerCommunicator.swift in Sources */ = {isa = PBXBuildFile; fileRef = 5581B25B1EAD1E5600662DB0 /* MultipeerCommunicator.swift */; };
		5581B2851EAD251D00662DB0 /* DataUserService.swift in Sources */ = {isa = PBXBuildFile; fileRef = 5581B2841EAD251D00662DB0 /* DataUserService.swift */; };
		5581B2881EAD259F00662DB0 /* Main.storyboard in Resources */ = {isa = PBXBuildFile; fileRef = 5581B2861EAD259F00662DB0 /* Main.storyboard */; };
		5597C9F81EB8FEB0002692EF /* StorageService.swift in Sources */ = {isa = PBXBuildFile; fileRef = 5597C9F71EB8FEB0002692EF /* StorageService.swift */; };
		55C6FB7E1ED4A5E50028C492 /* PhotosCollectionViewController.swift in Sources */ = {isa = PBXBuildFile; fileRef = 55C6FB7D1ED4A5E50028C492 /* PhotosCollectionViewController.swift */; };
		55D41EA91E8AAE6E006C38F2 /* ConversationTableViewCell.swift in Sources */ = {isa = PBXBuildFile; fileRef = 55D41EA81E8AAE6E006C38F2 /* ConversationTableViewCell.swift */; };
		55D41EB11E8ADF43006C38F2 /* MessageTableViewCell.swift in Sources */ = {isa = PBXBuildFile; fileRef = 55D41EB01E8ADF43006C38F2 /* MessageTableViewCell.swift */; };
		55E32A841E954E960069CABE /* MultipeerConnectivity.framework in Frameworks */ = {isa = PBXBuildFile; fileRef = 55E32A831E954E960069CABE /* MultipeerConnectivity.framework */; };
/* End PBXBuildFile section */

/* Begin PBXFileReference section */
		55111CC51E6E9EB0009BB494 /* Tinkoff Chat.app */ = {isa = PBXFileReference; explicitFileType = wrapper.application; includeInIndex = 0; path = "Tinkoff Chat.app"; sourceTree = BUILT_PRODUCTS_DIR; };
		55111CC81E6E9EB0009BB494 /* AppDelegate.swift */ = {isa = PBXFileReference; lastKnownFileType = sourcecode.swift; path = AppDelegate.swift; sourceTree = "<group>"; };
		55111CCA1E6E9EB0009BB494 /* ViewController.swift */ = {isa = PBXFileReference; lastKnownFileType = sourcecode.swift; name = ViewController.swift; path = Controllers/ViewController.swift; sourceTree = "<group>"; };
		55111CD01E6E9EB0009BB494 /* Tinkoff_Chat.xcdatamodel */ = {isa = PBXFileReference; lastKnownFileType = wrapper.xcdatamodel; path = Tinkoff_Chat.xcdatamodel; sourceTree = "<group>"; };
		55111CD21E6E9EB0009BB494 /* Assets.xcassets */ = {isa = PBXFileReference; lastKnownFileType = folder.assetcatalog; path = Assets.xcassets; sourceTree = "<group>"; };
		55111CD51E6E9EB0009BB494 /* Base */ = {isa = PBXFileReference; lastKnownFileType = file.storyboard; name = Base; path = Base.lproj/LaunchScreen.storyboard; sourceTree = "<group>"; };
		55111CD71E6E9EB0009BB494 /* Info.plist */ = {isa = PBXFileReference; lastKnownFileType = text.plist.xml; path = Info.plist; sourceTree = "<group>"; };
		5512DFE51EAB995A00046FF1 /* StorageServiceDelegate.swift */ = {isa = PBXFileReference; fileEncoding = 4; lastKnownFileType = sourcecode.swift; name = StorageServiceDelegate.swift; path = "/Users/andrey/XcodeProjects/Tinkoff Chat/Tinkoff Chat/Service Layer/Data/Protocols/StorageServiceDelegate.swift"; sourceTree = "<absolute>"; };
		5512DFEB1EABA2B000046FF1 /* ICommunicator.swift */ = {isa = PBXFileReference; fileEncoding = 4; lastKnownFileType = sourcecode.swift; name = ICommunicator.swift; path = "Tinkoff Chat/Core Layer/Connectivity/Protocols/ICommunicator.swift"; sourceTree = SOURCE_ROOT; };
		5512DFED1EABA33E00046FF1 /* CommunicatorDelegate.swift */ = {isa = PBXFileReference; fileEncoding = 4; lastKnownFileType = sourcecode.swift; name = CommunicatorDelegate.swift; path = "Tinkoff Chat/Core Layer/Connectivity/Protocols/CommunicatorDelegate.swift"; sourceTree = SOURCE_ROOT; };
		5512DFFB1EACA93700046FF1 /* ICommunicationService.swift */ = {isa = PBXFileReference; fileEncoding = 4; lastKnownFileType = sourcecode.swift; path = ICommunicationService.swift; sourceTree = "<group>"; };
		5512DFFD1EACA9B700046FF1 /* CommunicationServiceConversationDelegate.swift */ = {isa = PBXFileReference; fileEncoding = 4; lastKnownFileType = sourcecode.swift; path = CommunicationServiceConversationDelegate.swift; sourceTree = "<group>"; };
		5512DFFF1EACB6BA00046FF1 /* Assembly.swift */ = {isa = PBXFileReference; fileEncoding = 4; lastKnownFileType = sourcecode.swift; name = Assembly.swift; path = "Tinkoff Chat/Presenation Layer/Assembly.swift"; sourceTree = SOURCE_ROOT; };
		5527BC611EC8C9EA00F1C8E3 /* ConversationDataProvider.swift */ = {isa = PBXFileReference; fileEncoding = 4; lastKnownFileType = sourcecode.swift; path = ConversationDataProvider.swift; sourceTree = "<group>"; };
		5529A1EA1EDC1E4300F3FB09 /* PhotosService.swift */ = {isa = PBXFileReference; fileEncoding = 4; lastKnownFileType = sourcecode.swift; path = PhotosService.swift; sourceTree = "<group>"; };
		5529A1ED1EDC1EDA00F3FB09 /* Parser.swift */ = {isa = PBXFileReference; fileEncoding = 4; lastKnownFileType = sourcecode.swift; path = Parser.swift; sourceTree = "<group>"; };
		5529A1F11EDC1F5700F3FB09 /* Request.swift */ = {isa = PBXFileReference; fileEncoding = 4; lastKnownFileType = sourcecode.swift; path = Request.swift; sourceTree = "<group>"; };
		5529A1F41EDC22EB00F3FB09 /* RequestSender.swift */ = {isa = PBXFileReference; fileEncoding = 4; lastKnownFileType = sourcecode.swift; path = RequestSender.swift; sourceTree = "<group>"; };
		5529A1F61EDC233E00F3FB09 /* RequestsFactory.swift */ = {isa = PBXFileReference; fileEncoding = 4; lastKnownFileType = sourcecode.swift; path = RequestsFactory.swift; sourceTree = "<group>"; };
		5529A1FA1EDC453600F3FB09 /* File.swift */ = {isa = PBXFileReference; fileEncoding = 4; lastKnownFileType = sourcecode.swift; path = File.swift; sourceTree = "<group>"; };
		556700F81EB5DBA900CF7C61 /* CoreDataStack.swift */ = {isa = PBXFileReference; fileEncoding = 4; lastKnownFileType = sourcecode.swift; name = CoreDataStack.swift; path = ../../CoreDataStack.swift; sourceTree = "<group>"; };
		556C00AE1E8957D3004B4B1C /* ConversationsListViewController.swift */ = {isa = PBXFileReference; fileEncoding = 4; lastKnownFileType = sourcecode.swift; name = ConversationsListViewController.swift; path = "Tinkoff Chat/Presenation Layer/Controllers/ConversationsListViewController.swift"; sourceTree = SOURCE_ROOT; };
		556C00B31E895854004B4B1C /* ConversationViewController.swift */ = {isa = PBXFileReference; fileEncoding = 4; lastKnownFileType = sourcecode.swift; name = ConversationViewController.swift; path = "Tinkoff Chat/Presenation Layer/Controllers/ConversationViewController.swift"; sourceTree = SOURCE_ROOT; };
		5577DDD01E96D1380074574C /* CommunicationService.swift */ = {isa = PBXFileReference; fileEncoding = 4; lastKnownFileType = sourcecode.swift; path = CommunicationService.swift; sourceTree = "<group>"; };
		5581B25B1EAD1E5600662DB0 /* MultipeerCommunicator.swift */ = {isa = PBXFileReference; fileEncoding = 4; lastKnownFileType = sourcecode.swift; path = MultipeerCommunicator.swift; sourceTree = "<group>"; };
		5581B2841EAD251D00662DB0 /* DataUserService.swift */ = {isa = PBXFileReference; fileEncoding = 4; lastKnownFileType = sourcecode.swift; path = DataUserService.swift; sourceTree = "<group>"; };
		5581B2871EAD259F00662DB0 /* Base */ = {isa = PBXFileReference; lastKnownFileType = file.storyboard; name = Base; path = Base.lproj/Main.storyboard; sourceTree = "<group>"; };
		5597C9F71EB8FEB0002692EF /* StorageService.swift */ = {isa = PBXFileReference; fileEncoding = 4; lastKnownFileType = sourcecode.swift; name = StorageService.swift; path = ../../StorageService.swift; sourceTree = "<group>"; };
		55C6FB7D1ED4A5E50028C492 /* PhotosCollectionViewController.swift */ = {isa = PBXFileReference; fileEncoding = 4; lastKnownFileType = sourcecode.swift; name = PhotosCollectionViewController.swift; path = Controllers/PhotosCollectionViewController.swift; sourceTree = "<group>"; };
		55D41EA81E8AAE6E006C38F2 /* ConversationTableViewCell.swift */ = {isa = PBXFileReference; fileEncoding = 4; lastKnownFileType = sourcecode.swift; name = ConversationTableViewCell.swift; path = Controllers/ConversationTableViewCell.swift; sourceTree = "<group>"; };
		55D41EB01E8ADF43006C38F2 /* MessageTableViewCell.swift */ = {isa = PBXFileReference; fileEncoding = 4; lastKnownFileType = sourcecode.swift; name = MessageTableViewCell.swift; path = Controllers/MessageTableViewCell.swift; sourceTree = "<group>"; };
		55E32A831E954E960069CABE /* MultipeerConnectivity.framework */ = {isa = PBXFileReference; lastKnownFileType = wrapper.framework; name = MultipeerConnectivity.framework; path = System/Library/Frameworks/MultipeerConnectivity.framework; sourceTree = SDKROOT; };
/* End PBXFileReference section */

/* Begin PBXFrameworksBuildPhase section */
		55111CC21E6E9EB0009BB494 /* Frameworks */ = {
			isa = PBXFrameworksBuildPhase;
			buildActionMask = 2147483647;
			files = (
				55E32A841E954E960069CABE /* MultipeerConnectivity.framework in Frameworks */,
			);
			runOnlyForDeploymentPostprocessing = 0;
		};
/* End PBXFrameworksBuildPhase section */

/* Begin PBXGroup section */
		55111CBC1E6E9EB0009BB494 = {
			isa = PBXGroup;
			children = (
				55111CC71E6E9EB0009BB494 /* Tinkoff Chat */,
				55111CC61E6E9EB0009BB494 /* Products */,
				55E32A821E954E950069CABE /* Frameworks */,
			);
			sourceTree = "<group>";
		};
		55111CC61E6E9EB0009BB494 /* Products */ = {
			isa = PBXGroup;
			children = (
				55111CC51E6E9EB0009BB494 /* Tinkoff Chat.app */,
			);
			name = Products;
			sourceTree = "<group>";
		};
		55111CC71E6E9EB0009BB494 /* Tinkoff Chat */ = {
			isa = PBXGroup;
			children = (
				5543F6CE1EA4E8C4002655A4 /* Presentation Layer */,
				5543F6CF1EA4E8D9002655A4 /* Service Layer */,
				5543F6D01EA4E8E2002655A4 /* Core Layer */,
				556C00B01E8957DC004B4B1C /* Supporting Files */,
			);
			path = "Tinkoff Chat";
			sourceTree = SOURCE_ROOT;
		};
		5512DFE71EAB9F3000046FF1 /* Communication */ = {
			isa = PBXGroup;
			children = (
				5512DFF01EABA3B900046FF1 /* Classes */,
				5512DFEF1EABA3B300046FF1 /* Protocols */,
			);
			path = Communication;
			sourceTree = "<group>";
		};
		5512DFE81EAB9F3700046FF1 /* Data */ = {
			isa = PBXGroup;
			children = (
				5512DFEA1EAB9F4600046FF1 /* Classes */,
				5512DFE91EAB9F4000046FF1 /* Protocols */,
			);
			path = Data;
			sourceTree = "<group>";
		};
		5512DFE91EAB9F4000046FF1 /* Protocols */ = {
			isa = PBXGroup;
			children = (
				5512DFE51EAB995A00046FF1 /* StorageServiceDelegate.swift */,
				5581B2841EAD251D00662DB0 /* DataUserService.swift */,
			);
			path = Protocols;
			sourceTree = "<group>";
		};
		5512DFEA1EAB9F4600046FF1 /* Classes */ = {
			isa = PBXGroup;
			children = (
				5597C9F71EB8FEB0002692EF /* StorageService.swift */,
				5527BC611EC8C9EA00F1C8E3 /* ConversationDataProvider.swift */,
			);
			path = Classes;
			sourceTree = "<group>";
		};
		5512DFEF1EABA3B300046FF1 /* Protocols */ = {
			isa = PBXGroup;
			children = (
				5512DFFB1EACA93700046FF1 /* ICommunicationService.swift */,
				5512DFFD1EACA9B700046FF1 /* CommunicationServiceConversationDelegate.swift */,
			);
			path = Protocols;
			sourceTree = "<group>";
		};
		5512DFF01EABA3B900046FF1 /* Classes */ = {
			isa = PBXGroup;
			children = (
				5577DDD01E96D1380074574C /* CommunicationService.swift */,
			);
			path = Classes;
			sourceTree = "<group>";
		};
		5512DFF51EAC9FA200046FF1 /* Data */ = {
			isa = PBXGroup;
			children = (
				5512DFF61EAC9FBA00046FF1 /* Classes */,
			);
			path = Data;
			sourceTree = "<group>";
		};
		5512DFF61EAC9FBA00046FF1 /* Classes */ = {
			isa = PBXGroup;
			children = (
				556700F81EB5DBA900CF7C61 /* CoreDataStack.swift */,
			);
			path = Classes;
			sourceTree = "<group>";
		};
		5512DFF81EAC9FF500046FF1 /* Connectivity */ = {
			isa = PBXGroup;
			children = (
				5512DFFA1EACA00A00046FF1 /* Protocols */,
				5512DFF91EACA00500046FF1 /* Classes */,
			);
			path = Connectivity;
			sourceTree = "<group>";
		};
		5512DFF91EACA00500046FF1 /* Classes */ = {
			isa = PBXGroup;
			children = (
				5581B25B1EAD1E5600662DB0 /* MultipeerCommunicator.swift */,
			);
			path = Classes;
			sourceTree = "<group>";
		};
		5512DFFA1EACA00A00046FF1 /* Protocols */ = {
			isa = PBXGroup;
			children = (
				5512DFEB1EABA2B000046FF1 /* ICommunicator.swift */,
				5512DFED1EABA33E00046FF1 /* CommunicatorDelegate.swift */,
			);
			path = Protocols;
			sourceTree = "<group>";
		};
		5529A1EC1EDC1EC700F3FB09 /* Networking */ = {
			isa = PBXGroup;
			children = (
				5529A1F31EDC22AF00F3FB09 /* RequestsManager */,
				5529A1F01EDC1F4500F3FB09 /* Requests */,
				5529A1EF1EDC1F3E00F3FB09 /* Parses */,
				5529A1F61EDC233E00F3FB09 /* RequestsFactory.swift */,
			);
			name = Networking;
			sourceTree = "<group>";
		};
		5529A1EF1EDC1F3E00F3FB09 /* Parses */ = {
			isa = PBXGroup;
			children = (
				5529A1ED1EDC1EDA00F3FB09 /* Parser.swift */,
			);
			name = Parses;
			sourceTree = "<group>";
		};
		5529A1F01EDC1F4500F3FB09 /* Requests */ = {
			isa = PBXGroup;
			children = (
				5529A1F11EDC1F5700F3FB09 /* Request.swift */,
			);
			name = Requests;
			sourceTree = "<group>";
		};
		5529A1F31EDC22AF00F3FB09 /* RequestsManager */ = {
			isa = PBXGroup;
			children = (
				5529A1F41EDC22EB00F3FB09 /* RequestSender.swift */,
			);
			name = RequestsManager;
			sourceTree = "<group>";
		};
		5543F6CE1EA4E8C4002655A4 /* Presentation Layer */ = {
			isa = PBXGroup;
			children = (
				5581B2861EAD259F00662DB0 /* Main.storyboard */,
				5512DFFF1EACB6BA00046FF1 /* Assembly.swift */,
				55111CCA1E6E9EB0009BB494 /* ViewController.swift */,
				556C00AE1E8957D3004B4B1C /* ConversationsListViewController.swift */,
				556C00B31E895854004B4B1C /* ConversationViewController.swift */,
				55D41EA81E8AAE6E006C38F2 /* ConversationTableViewCell.swift */,
				55D41EB01E8ADF43006C38F2 /* MessageTableViewCell.swift */,
				55C6FB7D1ED4A5E50028C492 /* PhotosCollectionViewController.swift */,
			);
			name = "Presentation Layer";
			path = "Tinkoff Chat/Presenation Layer";
			sourceTree = SOURCE_ROOT;
		};
		5543F6CF1EA4E8D9002655A4 /* Service Layer */ = {
			isa = PBXGroup;
			children = (
				5512DFE81EAB9F3700046FF1 /* Data */,
				5512DFE71EAB9F3000046FF1 /* Communication */,
				5529A1EA1EDC1E4300F3FB09 /* PhotosService.swift */,
				5529A1FA1EDC453600F3FB09 /* File.swift */,
			);
			path = "Service Layer";
			sourceTree = "<group>";
		};
		5543F6D01EA4E8E2002655A4 /* Core Layer */ = {
			isa = PBXGroup;
			children = (
				5529A1EC1EDC1EC700F3FB09 /* Networking */,
				5512DFF81EAC9FF500046FF1 /* Connectivity */,
				5512DFF51EAC9FA200046FF1 /* Data */,
			);
			path = "Core Layer";
			sourceTree = "<group>";
		};
		556C00B01E8957DC004B4B1C /* Supporting Files */ = {
			isa = PBXGroup;
			children = (
				55111CC81E6E9EB0009BB494 /* AppDelegate.swift */,
				55111CD41E6E9EB0009BB494 /* LaunchScreen.storyboard */,
				55111CD71E6E9EB0009BB494 /* Info.plist */,
				55111CCF1E6E9EB0009BB494 /* Tinkoff_Chat.xcdatamodeld */,
				55111CD21E6E9EB0009BB494 /* Assets.xcassets */,
			);
			name = "Supporting Files";
			sourceTree = "<group>";
		};
		55E32A821E954E950069CABE /* Frameworks */ = {
			isa = PBXGroup;
			children = (
				55E32A831E954E960069CABE /* MultipeerConnectivity.framework */,
			);
			name = Frameworks;
			sourceTree = "<group>";
		};
/* End PBXGroup section */

/* Begin PBXNativeTarget section */
		55111CC41E6E9EB0009BB494 /* Tinkoff Chat */ = {
			isa = PBXNativeTarget;
			buildConfigurationList = 55111CDA1E6E9EB0009BB494 /* Build configuration list for PBXNativeTarget "Tinkoff Chat" */;
			buildPhases = (
				55111CC11E6E9EB0009BB494 /* Sources */,
				55111CC21E6E9EB0009BB494 /* Frameworks */,
				55111CC31E6E9EB0009BB494 /* Resources */,
			);
			buildRules = (
			);
			dependencies = (
			);
			name = "Tinkoff Chat";
			productName = "Tinkoff Chat";
			productReference = 55111CC51E6E9EB0009BB494 /* Tinkoff Chat.app */;
			productType = "com.apple.product-type.application";
		};
/* End PBXNativeTarget section */

/* Begin PBXProject section */
		55111CBD1E6E9EB0009BB494 /* Project object */ = {
			isa = PBXProject;
			attributes = {
				LastSwiftUpdateCheck = 0820;
				LastUpgradeCheck = 0820;
				ORGANIZATIONNAME = Andrey;
				TargetAttributes = {
					55111CC41E6E9EB0009BB494 = {
						CreatedOnToolsVersion = 8.2.1;
						DevelopmentTeam = 8XQZ6ZUQW4;
						ProvisioningStyle = Automatic;
					};
				};
			};
			buildConfigurationList = 55111CC01E6E9EB0009BB494 /* Build configuration list for PBXProject "Tinkoff Chat" */;
			compatibilityVersion = "Xcode 3.2";
			developmentRegion = English;
			hasScannedForEncodings = 0;
			knownRegions = (
				en,
				Base,
			);
			mainGroup = 55111CBC1E6E9EB0009BB494;
			productRefGroup = 55111CC61E6E9EB0009BB494 /* Products */;
			projectDirPath = "";
			projectRoot = "";
			targets = (
				55111CC41E6E9EB0009BB494 /* Tinkoff Chat */,
			);
		};
/* End PBXProject section */

/* Begin PBXResourcesBuildPhase section */
		55111CC31E6E9EB0009BB494 /* Resources */ = {
			isa = PBXResourcesBuildPhase;
			buildActionMask = 2147483647;
			files = (
				5581B2881EAD259F00662DB0 /* Main.storyboard in Resources */,
				55111CD61E6E9EB0009BB494 /* LaunchScreen.storyboard in Resources */,
				55111CD31E6E9EB0009BB494 /* Assets.xcassets in Resources */,
			);
			runOnlyForDeploymentPostprocessing = 0;
		};
/* End PBXResourcesBuildPhase section */

/* Begin PBXSourcesBuildPhase section */
		55111CC11E6E9EB0009BB494 /* Sources */ = {
			isa = PBXSourcesBuildPhase;
			buildActionMask = 2147483647;
			files = (
				5512DFEC1EABA2B000046FF1 /* ICommunicator.swift in Sources */,
				5529A1F21EDC1F5700F3FB09 /* Request.swift in Sources */,
				5512E0001EACB6BA00046FF1 /* Assembly.swift in Sources */,
				5577DDD21E96D1380074574C /* CommunicationService.swift in Sources */,
				55C6FB7E1ED4A5E50028C492 /* PhotosCollectionViewController.swift in Sources */,
				5581B2851EAD251D00662DB0 /* DataUserService.swift in Sources */,
				55111CD11E6E9EB0009BB494 /* Tinkoff_Chat.xcdatamodeld in Sources */,
				5529A1EE1EDC1EDA00F3FB09 /* Parser.swift in Sources */,
				5581B25C1EAD1E5600662DB0 /* MultipeerCommunicator.swift in Sources */,
				5512DFFE1EACA9B700046FF1 /* CommunicationServiceConversationDelegate.swift in Sources */,
				55D41EB11E8ADF43006C38F2 /* MessageTableViewCell.swift in Sources */,
				556C00AF1E8957D3004B4B1C /* ConversationsListViewController.swift in Sources */,
				5512DFE61EAB995A00046FF1 /* StorageServiceDelegate.swift in Sources */,
				55D41EA91E8AAE6E006C38F2 /* ConversationTableViewCell.swift in Sources */,
				5529A1EB1EDC1E4300F3FB09 /* PhotosService.swift in Sources */,
				5597C9F81EB8FEB0002692EF /* StorageService.swift in Sources */,
				556C00B41E895854004B4B1C /* ConversationViewController.swift in Sources */,
				5529A1F51EDC22EB00F3FB09 /* RequestSender.swift in Sources */,
				5527BC621EC8C9EA00F1C8E3 /* ConversationDataProvider.swift in Sources */,
				5512DFFC1EACA93700046FF1 /* ICommunicationService.swift in Sources */,
				556700F91EB5DBA900CF7C61 /* CoreDataStack.swift in Sources */,
				5529A1F71EDC233E00F3FB09 /* RequestsFactory.swift in Sources */,
				5512DFEE1EABA33E00046FF1 /* CommunicatorDelegate.swift in Sources */,
				5529A1FB1EDC453600F3FB09 /* File.swift in Sources */,
				55111CCB1E6E9EB0009BB494 /* ViewController.swift in Sources */,
				55111CC91E6E9EB0009BB494 /* AppDelegate.swift in Sources */,
			);
			runOnlyForDeploymentPostprocessing = 0;
		};
/* End PBXSourcesBuildPhase section */

/* Begin PBXVariantGroup section */
		55111CD41E6E9EB0009BB494 /* LaunchScreen.storyboard */ = {
			isa = PBXVariantGroup;
			children = (
				55111CD51E6E9EB0009BB494 /* Base */,
			);
			name = LaunchScreen.storyboard;
			sourceTree = "<group>";
		};
		5581B2861EAD259F00662DB0 /* Main.storyboard */ = {
			isa = PBXVariantGroup;
			children = (
				5581B2871EAD259F00662DB0 /* Base */,
			);
			name = Main.storyboard;
			path = ..;
			sourceTree = "<group>";
		};
/* End PBXVariantGroup section */

/* Begin XCBuildConfiguration section */
		55111CD81E6E9EB0009BB494 /* Debug */ = {
			isa = XCBuildConfiguration;
			buildSettings = {
				ALWAYS_SEARCH_USER_PATHS = NO;
				CLANG_ANALYZER_NONNULL = YES;
				CLANG_CXX_LANGUAGE_STANDARD = "gnu++0x";
				CLANG_CXX_LIBRARY = "libc++";
				CLANG_ENABLE_MODULES = YES;
				CLANG_ENABLE_OBJC_ARC = YES;
				CLANG_WARN_BOOL_CONVERSION = YES;
				CLANG_WARN_CONSTANT_CONVERSION = YES;
				CLANG_WARN_DIRECT_OBJC_ISA_USAGE = YES_ERROR;
				CLANG_WARN_DOCUMENTATION_COMMENTS = YES;
				CLANG_WARN_EMPTY_BODY = YES;
				CLANG_WARN_ENUM_CONVERSION = YES;
				CLANG_WARN_INFINITE_RECURSION = YES;
				CLANG_WARN_INT_CONVERSION = YES;
				CLANG_WARN_OBJC_ROOT_CLASS = YES_ERROR;
				CLANG_WARN_SUSPICIOUS_MOVE = YES;
				CLANG_WARN_UNREACHABLE_CODE = YES;
				CLANG_WARN__DUPLICATE_METHOD_MATCH = YES;
				"CODE_SIGN_IDENTITY[sdk=iphoneos*]" = "iPhone Developer";
				COPY_PHASE_STRIP = NO;
				DEBUG_INFORMATION_FORMAT = dwarf;
				ENABLE_STRICT_OBJC_MSGSEND = YES;
				ENABLE_TESTABILITY = YES;
				GCC_C_LANGUAGE_STANDARD = gnu99;
				GCC_DYNAMIC_NO_PIC = NO;
				GCC_NO_COMMON_BLOCKS = YES;
				GCC_OPTIMIZATION_LEVEL = 0;
				GCC_PREPROCESSOR_DEFINITIONS = (
					"DEBUG=1",
					"$(inherited)",
				);
				GCC_WARN_64_TO_32_BIT_CONVERSION = YES;
				GCC_WARN_ABOUT_RETURN_TYPE = YES_ERROR;
				GCC_WARN_UNDECLARED_SELECTOR = YES;
				GCC_WARN_UNINITIALIZED_AUTOS = YES_AGGRESSIVE;
				GCC_WARN_UNUSED_FUNCTION = YES;
				GCC_WARN_UNUSED_VARIABLE = YES;
				IPHONEOS_DEPLOYMENT_TARGET = 10.2;
				MTL_ENABLE_DEBUG_INFO = YES;
				ONLY_ACTIVE_ARCH = YES;
				SDKROOT = iphoneos;
				SWIFT_ACTIVE_COMPILATION_CONDITIONS = DEBUG;
				SWIFT_OPTIMIZATION_LEVEL = "-Onone";
			};
			name = Debug;
		};
		55111CD91E6E9EB0009BB494 /* Release */ = {
			isa = XCBuildConfiguration;
			buildSettings = {
				ALWAYS_SEARCH_USER_PATHS = NO;
				CLANG_ANALYZER_NONNULL = YES;
				CLANG_CXX_LANGUAGE_STANDARD = "gnu++0x";
				CLANG_CXX_LIBRARY = "libc++";
				CLANG_ENABLE_MODULES = YES;
				CLANG_ENABLE_OBJC_ARC = YES;
				CLANG_WARN_BOOL_CONVERSION = YES;
				CLANG_WARN_CONSTANT_CONVERSION = YES;
				CLANG_WARN_DIRECT_OBJC_ISA_USAGE = YES_ERROR;
				CLANG_WARN_DOCUMENTATION_COMMENTS = YES;
				CLANG_WARN_EMPTY_BODY = YES;
				CLANG_WARN_ENUM_CONVERSION = YES;
				CLANG_WARN_INFINITE_RECURSION = YES;
				CLANG_WARN_INT_CONVERSION = YES;
				CLANG_WARN_OBJC_ROOT_CLASS = YES_ERROR;
				CLANG_WARN_SUSPICIOUS_MOVE = YES;
				CLANG_WARN_UNREACHABLE_CODE = YES;
				CLANG_WARN__DUPLICATE_METHOD_MATCH = YES;
				"CODE_SIGN_IDENTITY[sdk=iphoneos*]" = "iPhone Developer";
				COPY_PHASE_STRIP = NO;
				DEBUG_INFORMATION_FORMAT = "dwarf-with-dsym";
				ENABLE_NS_ASSERTIONS = NO;
				ENABLE_STRICT_OBJC_MSGSEND = YES;
				GCC_C_LANGUAGE_STANDARD = gnu99;
				GCC_NO_COMMON_BLOCKS = YES;
				GCC_WARN_64_TO_32_BIT_CONVERSION = YES;
				GCC_WARN_ABOUT_RETURN_TYPE = YES_ERROR;
				GCC_WARN_UNDECLARED_SELECTOR = YES;
				GCC_WARN_UNINITIALIZED_AUTOS = YES_AGGRESSIVE;
				GCC_WARN_UNUSED_FUNCTION = YES;
				GCC_WARN_UNUSED_VARIABLE = YES;
				IPHONEOS_DEPLOYMENT_TARGET = 10.2;
				MTL_ENABLE_DEBUG_INFO = NO;
				SDKROOT = iphoneos;
				SWIFT_OPTIMIZATION_LEVEL = "-Owholemodule";
				VALIDATE_PRODUCT = YES;
			};
			name = Release;
		};
		55111CDB1E6E9EB0009BB494 /* Debug */ = {
			isa = XCBuildConfiguration;
			buildSettings = {
				ASSETCATALOG_COMPILER_APPICON_NAME = AppIcon;
				DEVELOPMENT_TEAM = 8XQZ6ZUQW4;
				INFOPLIST_FILE = "Tinkoff Chat/Info.plist";
				LD_RUNPATH_SEARCH_PATHS = "$(inherited) @executable_path/Frameworks";
				PRODUCT_BUNDLE_IDENTIFIER = "ru.aon.Tinkoff-Chat";
				PRODUCT_NAME = "$(TARGET_NAME)";
				SWIFT_VERSION = 3.0;
			};
			name = Debug;
		};
		55111CDC1E6E9EB0009BB494 /* Release */ = {
			isa = XCBuildConfiguration;
			buildSettings = {
				ASSETCATALOG_COMPILER_APPICON_NAME = AppIcon;
				DEVELOPMENT_TEAM = 8XQZ6ZUQW4;
				INFOPLIST_FILE = "Tinkoff Chat/Info.plist";
				LD_RUNPATH_SEARCH_PATHS = "$(inherited) @executable_path/Frameworks";
				PRODUCT_BUNDLE_IDENTIFIER = "ru.aon.Tinkoff-Chat";
				PRODUCT_NAME = "$(TARGET_NAME)";
				SWIFT_VERSION = 3.0;
			};
			name = Release;
		};
/* End XCBuildConfiguration section */

/* Begin XCConfigurationList section */
		55111CC01E6E9EB0009BB494 /* Build configuration list for PBXProject "Tinkoff Chat" */ = {
			isa = XCConfigurationList;
			buildConfigurations = (
				55111CD81E6E9EB0009BB494 /* Debug */,
				55111CD91E6E9EB0009BB494 /* Release */,
			);
			defaultConfigurationIsVisible = 0;
			defaultConfigurationName = Release;
		};
		55111CDA1E6E9EB0009BB494 /* Build configuration list for PBXNativeTarget "Tinkoff Chat" */ = {
			isa = XCConfigurationList;
			buildConfigurations = (
				55111CDB1E6E9EB0009BB494 /* Debug */,
				55111CDC1E6E9EB0009BB494 /* Release */,
			);
			defaultConfigurationIsVisible = 0;
			defaultConfigurationName = Release;
		};
/* End XCConfigurationList section */

/* Begin XCVersionGroup section */
		55111CCF1E6E9EB0009BB494 /* Tinkoff_Chat.xcdatamodeld */ = {
			isa = XCVersionGroup;
			children = (
				55111CD01E6E9EB0009BB494 /* Tinkoff_Chat.xcdatamodel */,
			);
			currentVersion = 55111CD01E6E9EB0009BB494 /* Tinkoff_Chat.xcdatamodel */;
			path = Tinkoff_Chat.xcdatamodeld;
			sourceTree = "<group>";
			versionGroupType = wrapper.xcdatamodel;
		};
/* End XCVersionGroup section */
	};
	rootObject = 55111CBD1E6E9EB0009BB494 /* Project object */;
}
